
Microsoft Visual Studio Solution File, Format Version 12.00
# Visual Studio 15
VisualStudioVersion = 15.0.26430.6
MinimumVisualStudioVersion = 10.0.40219.1
Project("{FAE04EC0-301F-11D3-BF4B-00C04F79EFBC}") = "CapaAccesoServicios", "CapaAccesoServicios\CapaAccesoServicios.csproj", "{22E1D4E0-27E9-48B9-B531-58788DE0430E}"
EndProject
Project("{FAE04EC0-301F-11D3-BF4B-00C04F79EFBC}") = "CapaEntidades", "CapaEntidades\CapaEntidades.csproj", "{BF699AE1-F633-406E-91E7-D722CD8C8542}"
EndProject
Project("{FAE04EC0-301F-11D3-BF4B-00C04F79EFBC}") = "TestEscritorio", "TestEscritorio\TestEscritorio.csproj", "{18589CBC-5435-43D1-BDC5-2A0739646A0F}"
EndProject
Project("{FAE04EC0-301F-11D3-BF4B-00C04F79EFBC}") = "TestWeb", "TestWeb\TestWeb.csproj", "{550BE049-C5D5-4443-95BF-A1DDA530D40D}"
EndProject
Global
	GlobalSection(SolutionConfigurationPlatforms) = preSolution
		Debug|Any CPU = Debug|Any CPU
		Release|Any CPU = Release|Any CPU
	EndGlobalSection
	GlobalSection(ProjectConfigurationPlatforms) = postSolution
		{22E1D4E0-27E9-48B9-B531-58788DE0430E}.Debug|Any CPU.ActiveCfg = Debug|Any CPU
		{22E1D4E0-27E9-48B9-B531-58788DE0430E}.Debug|Any CPU.Build.0 = Debug|Any CPU
		{22E1D4E0-27E9-48B9-B531-58788DE0430E}.Release|Any CPU.ActiveCfg = Release|Any CPU
		{22E1D4E0-27E9-48B9-B531-58788DE0430E}.Release|Any CPU.Build.0 = Release|Any CPU
		{BF699AE1-F633-406E-91E7-D722CD8C8542}.Debug|Any CPU.ActiveCfg = Debug|Any CPU
		{BF699AE1-F633-406E-91E7-D722CD8C8542}.Debug|Any CPU.Build.0 = Debug|Any CPU
		{BF699AE1-F633-406E-91E7-D722CD8C8542}.Release|Any CPU.ActiveCfg = Release|Any CPU
		{BF699AE1-F633-406E-91E7-D722CD8C8542}.Release|Any CPU.Build.0 = Release|Any CPU
		{18589CBC-5435-43D1-BDC5-2A0739646A0F}.Debug|Any CPU.ActiveCfg = Debug|Any CPU
		{18589CBC-5435-43D1-BDC5-2A0739646A0F}.Debug|Any CPU.Build.0 = Debug|Any CPU
		{18589CBC-5435-43D1-BDC5-2A0739646A0F}.Release|Any CPU.ActiveCfg = Release|Any CPU
		{18589CBC-5435-43D1-BDC5-2A0739646A0F}.Release|Any CPU.Build.0 = Release|Any CPU
		{550BE049-C5D5-4443-95BF-A1DDA530D40D}.Debug|Any CPU.ActiveCfg = Debug|Any CPU
		{550BE049-C5D5-4443-95BF-A1DDA530D40D}.Debug|Any CPU.Build.0 = Debug|Any CPU
		{550BE049-C5D5-4443-95BF-A1DDA530D40D}.Release|Any CPU.ActiveCfg = Release|Any CPU
		{550BE049-C5D5-4443-95BF-A1DDA530D40D}.Release|Any CPU.Build.0 = Release|Any CPU
	EndGlobalSection
	GlobalSection(SolutionProperties) = preSolution
		HideSolutionNode = FALSE
	EndGlobalSection
EndGlobal
